
Microsoft Visual Studio Solution File, Format Version 12.00
# Visual Studio Version 17
VisualStudioVersion = 17.5.33627.172
MinimumVisualStudioVersion = 10.0.40219.1
Project("{9A19103F-16F7-4668-BE54-9A1E7A4F7556}") = "HomeAPI", "HomeAPI\HomeAPI.csproj", "{BB804BF4-C8D2-41EC-97EF-01742989CB90}"
EndProject
Project("{9A19103F-16F7-4668-BE54-9A1E7A4F7556}") = "Entities", "Entity\Entities.csproj", "{29AE909B-0DC0-4193-BAD8-C5BDFCD4F6C0}"
EndProject
Project("{9A19103F-16F7-4668-BE54-9A1E7A4F7556}") = "Repositories", "Repository\Repositories.csproj", "{0412B8B7-8FD5-4D95-9804-D0931E5CAF71}"
EndProject
Project("{2150E333-8FDC-42A3-9474-1A3956D46DE8}") = "src", "src", "{2DB6994F-BE83-49D4-8805-0DE911B50791}"
EndProject
Project("{9A19103F-16F7-4668-BE54-9A1E7A4F7556}") = "Services", "Services\Services.csproj", "{6506F861-777D-4ED9-94ED-14A74002F475}"
EndProject
Global
	GlobalSection(SolutionConfigurationPlatforms) = preSolution
		Debug|Any CPU = Debug|Any CPU
		Release|Any CPU = Release|Any CPU
	EndGlobalSection
	GlobalSection(ProjectConfigurationPlatforms) = postSolution
		{BB804BF4-C8D2-41EC-97EF-01742989CB90}.Debug|Any CPU.ActiveCfg = Debug|Any CPU
		{BB804BF4-C8D2-41EC-97EF-01742989CB90}.Debug|Any CPU.Build.0 = Debug|Any CPU
		{BB804BF4-C8D2-41EC-97EF-01742989CB90}.Release|Any CPU.ActiveCfg = Release|Any CPU
		{BB804BF4-C8D2-41EC-97EF-01742989CB90}.Release|Any CPU.Build.0 = Release|Any CPU
		{29AE909B-0DC0-4193-BAD8-C5BDFCD4F6C0}.Debug|Any CPU.ActiveCfg = Debug|Any CPU
		{29AE909B-0DC0-4193-BAD8-C5BDFCD4F6C0}.Debug|Any CPU.Build.0 = Debug|Any CPU
		{29AE909B-0DC0-4193-BAD8-C5BDFCD4F6C0}.Release|Any CPU.ActiveCfg = Release|Any CPU
		{29AE909B-0DC0-4193-BAD8-C5BDFCD4F6C0}.Release|Any CPU.Build.0 = Release|Any CPU
		{0412B8B7-8FD5-4D95-9804-D0931E5CAF71}.Debug|Any CPU.ActiveCfg = Debug|Any CPU
		{0412B8B7-8FD5-4D95-9804-D0931E5CAF71}.Debug|Any CPU.Build.0 = Debug|Any CPU
		{0412B8B7-8FD5-4D95-9804-D0931E5CAF71}.Release|Any CPU.ActiveCfg = Release|Any CPU
		{0412B8B7-8FD5-4D95-9804-D0931E5CAF71}.Release|Any CPU.Build.0 = Release|Any CPU
		{6506F861-777D-4ED9-94ED-14A74002F475}.Debug|Any CPU.ActiveCfg = Debug|Any CPU
		{6506F861-777D-4ED9-94ED-14A74002F475}.Debug|Any CPU.Build.0 = Debug|Any CPU
		{6506F861-777D-4ED9-94ED-14A74002F475}.Release|Any CPU.ActiveCfg = Release|Any CPU
		{6506F861-777D-4ED9-94ED-14A74002F475}.Release|Any CPU.Build.0 = Release|Any CPU
	EndGlobalSection
	GlobalSection(SolutionProperties) = preSolution
		HideSolutionNode = FALSE
	EndGlobalSection
	GlobalSection(NestedProjects) = preSolution
		{29AE909B-0DC0-4193-BAD8-C5BDFCD4F6C0} = {2DB6994F-BE83-49D4-8805-0DE911B50791}
		{0412B8B7-8FD5-4D95-9804-D0931E5CAF71} = {2DB6994F-BE83-49D4-8805-0DE911B50791}
		{6506F861-777D-4ED9-94ED-14A74002F475} = {2DB6994F-BE83-49D4-8805-0DE911B50791}
	EndGlobalSection
	GlobalSection(ExtensibilityGlobals) = postSolution
		SolutionGuid = {BD0FA37C-2DC3-4C6D-8FFC-5A66A074C486}
	EndGlobalSection
EndGlobal
